
Microsoft Visual Studio Solution File, Format Version 12.00
# Visual Studio Version 16
VisualStudioVersion = 16.0.30413.136
MinimumVisualStudioVersion = 10.0.40219.1
Project("{FAE04EC0-301F-11D3-BF4B-00C04F79EFBC}") = "Term_3", "Term_3\Term_3.csproj", "{C5EEA1AC-8F34-415C-8D34-77BFC6789EA6}"
EndProject
Global
	GlobalSection(SolutionConfigurationPlatforms) = preSolution
		Debug|Any CPU = Debug|Any CPU
		Release|Any CPU = Release|Any CPU
	EndGlobalSection
	GlobalSection(ProjectConfigurationPlatforms) = postSolution
		{C5EEA1AC-8F34-415C-8D34-77BFC6789EA6}.Debug|Any CPU.ActiveCfg = Debug|Any CPU
		{C5EEA1AC-8F34-415C-8D34-77BFC6789EA6}.Debug|Any CPU.Build.0 = Debug|Any CPU
		{C5EEA1AC-8F34-415C-8D34-77BFC6789EA6}.Release|Any CPU.ActiveCfg = Release|Any CPU
		{C5EEA1AC-8F34-415C-8D34-77BFC6789EA6}.Release|Any CPU.Build.0 = Release|Any CPU
	EndGlobalSection
	GlobalSection(SolutionProperties) = preSolution
		HideSolutionNode = FALSE
	EndGlobalSection
	GlobalSection(ExtensibilityGlobals) = postSolution
		SolutionGuid = {6EFA5909-0715-49D2-A462-6FF705C7880C}
	EndGlobalSection
EndGlobal
